
Microsoft Visual Studio Solution File, Format Version 12.00
# Visual Studio Version 17
VisualStudioVersion = 17.13.35806.99 d17.13
MinimumVisualStudioVersion = 10.0.40219.1
Project("{FAE04EC0-301F-11D3-BF4B-00C04F79EFBC}") = "ApiPiaget", "ApiPiaget\ApiPiaget.csproj", "{7AF14518-BAAF-4416-A5B3-644FEE0549C5}"
EndProject
Global
	GlobalSection(SolutionConfigurationPlatforms) = preSolution
		Debug|Any CPU = Debug|Any CPU
		Release|Any CPU = Release|Any CPU
	EndGlobalSection
	GlobalSection(ProjectConfigurationPlatforms) = postSolution
		{7AF14518-BAAF-4416-A5B3-644FEE0549C5}.Debug|Any CPU.ActiveCfg = Debug|Any CPU
		{7AF14518-BAAF-4416-A5B3-644FEE0549C5}.Debug|Any CPU.Build.0 = Debug|Any CPU
		{7AF14518-BAAF-4416-A5B3-644FEE0549C5}.Release|Any CPU.ActiveCfg = Release|Any CPU
		{7AF14518-BAAF-4416-A5B3-644FEE0549C5}.Release|Any CPU.Build.0 = Release|Any CPU
	EndGlobalSection
	GlobalSection(SolutionProperties) = preSolution
		HideSolutionNode = FALSE
	EndGlobalSection
	GlobalSection(ExtensibilityGlobals) = postSolution
		SolutionGuid = {3284CA22-FCD9-4CEB-AFA0-8A82BAA92C45}
	EndGlobalSection
EndGlobal
